
Microsoft Visual Studio Solution File, Format Version 12.00
# Visual Studio 2012
Project("{FAE04EC0-301F-11D3-BF4B-00C04F79EFBC}") = "ocucount", "ocucount\ocucount.csproj", "{983D5C9D-7609-4664-84C5-60BD04C5A04A}"
EndProject
Project("{FAE04EC0-301F-11D3-BF4B-00C04F79EFBC}") = "tests", "tests\tests.csproj", "{556107BA-B624-4CDE-A8A7-64785260060E}"
EndProject
Global
	GlobalSection(SolutionConfigurationPlatforms) = preSolution
		Debug|Any CPU = Debug|Any CPU
		Release|Any CPU = Release|Any CPU
	EndGlobalSection
	GlobalSection(ProjectConfigurationPlatforms) = postSolution
		{983D5C9D-7609-4664-84C5-60BD04C5A04A}.Debug|Any CPU.ActiveCfg = Debug|Any CPU
		{983D5C9D-7609-4664-84C5-60BD04C5A04A}.Debug|Any CPU.Build.0 = Debug|Any CPU
		{983D5C9D-7609-4664-84C5-60BD04C5A04A}.Release|Any CPU.ActiveCfg = Release|Any CPU
		{983D5C9D-7609-4664-84C5-60BD04C5A04A}.Release|Any CPU.Build.0 = Release|Any CPU
		{556107BA-B624-4CDE-A8A7-64785260060E}.Debug|Any CPU.ActiveCfg = Debug|Any CPU
		{556107BA-B624-4CDE-A8A7-64785260060E}.Debug|Any CPU.Build.0 = Debug|Any CPU
		{556107BA-B624-4CDE-A8A7-64785260060E}.Release|Any CPU.ActiveCfg = Release|Any CPU
		{556107BA-B624-4CDE-A8A7-64785260060E}.Release|Any CPU.Build.0 = Release|Any CPU
	EndGlobalSection
	GlobalSection(MonoDevelopProperties) = preSolution
		Policies = $0
		$0.StandardHeader = $1
	EndGlobalSection
EndGlobal
